
Microsoft Visual Studio Solution File, Format Version 12.00
# Visual Studio 15
VisualStudioVersion = 15.0.26430.12
MinimumVisualStudioVersion = 10.0.40219.1
Project("{FAE04EC0-301F-11D3-BF4B-00C04F79EFBC}") = "WindowsFormsApp1", "WindowsFormsApp1\WindowsFormsApp1.csproj", "{A31B4103-B079-4DA4-9B0D-A4B74DB5E690}"
EndProject
Project("{8BC9CEB8-8B4A-11D0-8D11-00A0C91BC942}") = "WRLOutOfProcessWinRTComponent_server", "Server\WRLOutOfProcessWinRTComponent_server.vcxproj", "{3ECA71D9-26B3-525D-9215-77D293FCFE3B}"
EndProject
Project("{262852C6-CD72-467D-83FE-5EEB1973A190}") = "WinFormsOOPWinRTComponent.Package", "WinFormsOOPWinRTComponent.Package\WinFormsOOPWinRTComponent.Package.jsproj", "{C0F91AA6-1012-4D95-A8D0-588A6F5FE6D1}"
EndProject
Project("{FAE04EC0-301F-11D3-BF4B-00C04F79EFBC}") = "WindowsFormsApp2", "WindowsFormsApp2\WindowsFormsApp2.csproj", "{DA1A7D7C-6F6F-42BD-BFBD-46E2C24F9C76}"
EndProject
Global
	GlobalSection(SolutionConfigurationPlatforms) = preSolution
		Debug|Any CPU = Debug|Any CPU
		Debug|ARM = Debug|ARM
		Debug|x64 = Debug|x64
		Debug|x86 = Debug|x86
		Release|Any CPU = Release|Any CPU
		Release|ARM = Release|ARM
		Release|x64 = Release|x64
		Release|x86 = Release|x86
	EndGlobalSection
	GlobalSection(ProjectConfigurationPlatforms) = postSolution
		{A31B4103-B079-4DA4-9B0D-A4B74DB5E690}.Debug|Any CPU.ActiveCfg = Debug|Any CPU
		{A31B4103-B079-4DA4-9B0D-A4B74DB5E690}.Debug|Any CPU.Build.0 = Debug|Any CPU
		{A31B4103-B079-4DA4-9B0D-A4B74DB5E690}.Debug|ARM.ActiveCfg = Debug|Any CPU
		{A31B4103-B079-4DA4-9B0D-A4B74DB5E690}.Debug|ARM.Build.0 = Debug|Any CPU
		{A31B4103-B079-4DA4-9B0D-A4B74DB5E690}.Debug|x64.ActiveCfg = Debug|Any CPU
		{A31B4103-B079-4DA4-9B0D-A4B74DB5E690}.Debug|x64.Build.0 = Debug|Any CPU
		{A31B4103-B079-4DA4-9B0D-A4B74DB5E690}.Debug|x86.ActiveCfg = Debug|Any CPU
		{A31B4103-B079-4DA4-9B0D-A4B74DB5E690}.Debug|x86.Build.0 = Debug|Any CPU
		{A31B4103-B079-4DA4-9B0D-A4B74DB5E690}.Release|Any CPU.ActiveCfg = Release|Any CPU
		{A31B4103-B079-4DA4-9B0D-A4B74DB5E690}.Release|Any CPU.Build.0 = Release|Any CPU
		{A31B4103-B079-4DA4-9B0D-A4B74DB5E690}.Release|ARM.ActiveCfg = Release|Any CPU
		{A31B4103-B079-4DA4-9B0D-A4B74DB5E690}.Release|ARM.Build.0 = Release|Any CPU
		{A31B4103-B079-4DA4-9B0D-A4B74DB5E690}.Release|x64.ActiveCfg = Release|Any CPU
		{A31B4103-B079-4DA4-9B0D-A4B74DB5E690}.Release|x64.Build.0 = Release|Any CPU
		{A31B4103-B079-4DA4-9B0D-A4B74DB5E690}.Release|x86.ActiveCfg = Release|Any CPU
		{A31B4103-B079-4DA4-9B0D-A4B74DB5E690}.Release|x86.Build.0 = Release|Any CPU
		{3ECA71D9-26B3-525D-9215-77D293FCFE3B}.Debug|Any CPU.ActiveCfg = Debug|Win32
		{3ECA71D9-26B3-525D-9215-77D293FCFE3B}.Debug|ARM.ActiveCfg = Debug|ARM
		{3ECA71D9-26B3-525D-9215-77D293FCFE3B}.Debug|ARM.Build.0 = Debug|ARM
		{3ECA71D9-26B3-525D-9215-77D293FCFE3B}.Debug|x64.ActiveCfg = Debug|x64
		{3ECA71D9-26B3-525D-9215-77D293FCFE3B}.Debug|x64.Build.0 = Debug|x64
		{3ECA71D9-26B3-525D-9215-77D293FCFE3B}.Debug|x86.ActiveCfg = Debug|Win32
		{3ECA71D9-26B3-525D-9215-77D293FCFE3B}.Debug|x86.Build.0 = Debug|Win32
		{3ECA71D9-26B3-525D-9215-77D293FCFE3B}.Release|Any CPU.ActiveCfg = Release|Win32
		{3ECA71D9-26B3-525D-9215-77D293FCFE3B}.Release|ARM.ActiveCfg = Release|ARM
		{3ECA71D9-26B3-525D-9215-77D293FCFE3B}.Release|ARM.Build.0 = Release|ARM
		{3ECA71D9-26B3-525D-9215-77D293FCFE3B}.Release|x64.ActiveCfg = Release|x64
		{3ECA71D9-26B3-525D-9215-77D293FCFE3B}.Release|x64.Build.0 = Release|x64
		{3ECA71D9-26B3-525D-9215-77D293FCFE3B}.Release|x86.ActiveCfg = Release|Win32
		{3ECA71D9-26B3-525D-9215-77D293FCFE3B}.Release|x86.Build.0 = Release|Win32
		{C0F91AA6-1012-4D95-A8D0-588A6F5FE6D1}.Debug|Any CPU.ActiveCfg = Debug|Any CPU
		{C0F91AA6-1012-4D95-A8D0-588A6F5FE6D1}.Debug|Any CPU.Build.0 = Debug|Any CPU
		{C0F91AA6-1012-4D95-A8D0-588A6F5FE6D1}.Debug|Any CPU.Deploy.0 = Debug|Any CPU
		{C0F91AA6-1012-4D95-A8D0-588A6F5FE6D1}.Debug|ARM.ActiveCfg = Debug|ARM
		{C0F91AA6-1012-4D95-A8D0-588A6F5FE6D1}.Debug|ARM.Build.0 = Debug|ARM
		{C0F91AA6-1012-4D95-A8D0-588A6F5FE6D1}.Debug|ARM.Deploy.0 = Debug|ARM
		{C0F91AA6-1012-4D95-A8D0-588A6F5FE6D1}.Debug|x64.ActiveCfg = Debug|x64
		{C0F91AA6-1012-4D95-A8D0-588A6F5FE6D1}.Debug|x64.Build.0 = Debug|x64
		{C0F91AA6-1012-4D95-A8D0-588A6F5FE6D1}.Debug|x64.Deploy.0 = Debug|x64
		{C0F91AA6-1012-4D95-A8D0-588A6F5FE6D1}.Debug|x86.ActiveCfg = Debug|x86
		{C0F91AA6-1012-4D95-A8D0-588A6F5FE6D1}.Debug|x86.Build.0 = Debug|x86
		{C0F91AA6-1012-4D95-A8D0-588A6F5FE6D1}.Debug|x86.Deploy.0 = Debug|x86
		{C0F91AA6-1012-4D95-A8D0-588A6F5FE6D1}.Release|Any CPU.ActiveCfg = Release|Any CPU
		{C0F91AA6-1012-4D95-A8D0-588A6F5FE6D1}.Release|Any CPU.Build.0 = Release|Any CPU
		{C0F91AA6-1012-4D95-A8D0-588A6F5FE6D1}.Release|Any CPU.Deploy.0 = Release|Any CPU
		{C0F91AA6-1012-4D95-A8D0-588A6F5FE6D1}.Release|ARM.ActiveCfg = Release|ARM
		{C0F91AA6-1012-4D95-A8D0-588A6F5FE6D1}.Release|ARM.Build.0 = Release|ARM
		{C0F91AA6-1012-4D95-A8D0-588A6F5FE6D1}.Release|ARM.Deploy.0 = Release|ARM
		{C0F91AA6-1012-4D95-A8D0-588A6F5FE6D1}.Release|x64.ActiveCfg = Release|x64
		{C0F91AA6-1012-4D95-A8D0-588A6F5FE6D1}.Release|x64.Build.0 = Release|x64
		{C0F91AA6-1012-4D95-A8D0-588A6F5FE6D1}.Release|x64.Deploy.0 = Release|x64
		{C0F91AA6-1012-4D95-A8D0-588A6F5FE6D1}.Release|x86.ActiveCfg = Release|x86
		{C0F91AA6-1012-4D95-A8D0-588A6F5FE6D1}.Release|x86.Build.0 = Release|x86
		{C0F91AA6-1012-4D95-A8D0-588A6F5FE6D1}.Release|x86.Deploy.0 = Release|x86
		{DA1A7D7C-6F6F-42BD-BFBD-46E2C24F9C76}.Debug|Any CPU.ActiveCfg = Debug|Any CPU
		{DA1A7D7C-6F6F-42BD-BFBD-46E2C24F9C76}.Debug|Any CPU.Build.0 = Debug|Any CPU
		{DA1A7D7C-6F6F-42BD-BFBD-46E2C24F9C76}.Debug|ARM.ActiveCfg = Debug|Any CPU
		{DA1A7D7C-6F6F-42BD-BFBD-46E2C24F9C76}.Debug|ARM.Build.0 = Debug|Any CPU
		{DA1A7D7C-6F6F-42BD-BFBD-46E2C24F9C76}.Debug|x64.ActiveCfg = Debug|Any CPU
		{DA1A7D7C-6F6F-42BD-BFBD-46E2C24F9C76}.Debug|x64.Build.0 = Debug|Any CPU
		{DA1A7D7C-6F6F-42BD-BFBD-46E2C24F9C76}.Debug|x86.ActiveCfg = Debug|Any CPU
		{DA1A7D7C-6F6F-42BD-BFBD-46E2C24F9C76}.Debug|x86.Build.0 = Debug|Any CPU
		{DA1A7D7C-6F6F-42BD-BFBD-46E2C24F9C76}.Release|Any CPU.ActiveCfg = Release|Any CPU
		{DA1A7D7C-6F6F-42BD-BFBD-46E2C24F9C76}.Release|Any CPU.Build.0 = Release|Any CPU
		{DA1A7D7C-6F6F-42BD-BFBD-46E2C24F9C76}.Release|ARM.ActiveCfg = Release|Any CPU
		{DA1A7D7C-6F6F-42BD-BFBD-46E2C24F9C76}.Release|ARM.Build.0 = Release|Any CPU
		{DA1A7D7C-6F6F-42BD-BFBD-46E2C24F9C76}.Release|x64.ActiveCfg = Release|Any CPU
		{DA1A7D7C-6F6F-42BD-BFBD-46E2C24F9C76}.Release|x64.Build.0 = Release|Any CPU
		{DA1A7D7C-6F6F-42BD-BFBD-46E2C24F9C76}.Release|x86.ActiveCfg = Release|Any CPU
		{DA1A7D7C-6F6F-42BD-BFBD-46E2C24F9C76}.Release|x86.Build.0 = Release|Any CPU
	EndGlobalSection
	GlobalSection(SolutionProperties) = preSolution
		HideSolutionNode = FALSE
	EndGlobalSection
EndGlobal
