
Microsoft Visual Studio Solution File, Format Version 12.00
# Visual Studio 15
VisualStudioVersion = 15.0.25916.0
MinimumVisualStudioVersion = 10.0.40219.1
Project("{FAE04EC0-301F-11D3-BF4B-00C04F79EFBC}") = "MyDesktopApp", "MyDesktopApp\MyDesktopApp.csproj", "{2EBE1B26-0EF1-41CB-A2FB-6CAB7C08EA8F}"
EndProject
Project("{FAE04EC0-301F-11D3-BF4B-00C04F79EFBC}") = "BackgroundTasks", "BackgroundTasks\BackgroundTasks.csproj", "{27E6B0D9-39A5-4AC5-A137-BB126E42CC41}"
EndProject
Project("{FAE04EC0-301F-11D3-BF4B-00C04F79EFBC}") = "MyDesktopApp.AppxDebug", "MyDesktopApp.AppxDebug\MyDesktopApp.AppxDebug.vsdproj", "{8B192FE7-1E7C-4C4F-9E07-DDA8375B0F7B}"
	ProjectSection(ProjectDependencies) = postProject
		{9EFBB7F4-8D96-4A87-940F-AE15C764F82F} = {9EFBB7F4-8D96-4A87-940F-AE15C764F82F}
	EndProjectSection
EndProject
Project("{262852C6-CD72-467D-83FE-5EEB1973A190}") = "MyDesktopApp.Package", "MyDesktopApp.Package\MyDesktopApp.Package.jsproj", "{9EFBB7F4-8D96-4A87-940F-AE15C764F82F}"
	ProjectSection(ProjectDependencies) = postProject
		{2EBE1B26-0EF1-41CB-A2FB-6CAB7C08EA8F} = {2EBE1B26-0EF1-41CB-A2FB-6CAB7C08EA8F}
		{27E6B0D9-39A5-4AC5-A137-BB126E42CC41} = {27E6B0D9-39A5-4AC5-A137-BB126E42CC41}
	EndProjectSection
EndProject
Global
	GlobalSection(SolutionConfigurationPlatforms) = preSolution
		Debug|Any CPU = Debug|Any CPU
		Debug|ARM = Debug|ARM
		Debug|x64 = Debug|x64
		Debug|x86 = Debug|x86
		Release|Any CPU = Release|Any CPU
		Release|ARM = Release|ARM
		Release|x64 = Release|x64
		Release|x86 = Release|x86
	EndGlobalSection
	GlobalSection(ProjectConfigurationPlatforms) = postSolution
		{2EBE1B26-0EF1-41CB-A2FB-6CAB7C08EA8F}.Debug|Any CPU.ActiveCfg = Debug|Any CPU
		{2EBE1B26-0EF1-41CB-A2FB-6CAB7C08EA8F}.Debug|Any CPU.Build.0 = Debug|Any CPU
		{2EBE1B26-0EF1-41CB-A2FB-6CAB7C08EA8F}.Debug|ARM.ActiveCfg = Debug|Any CPU
		{2EBE1B26-0EF1-41CB-A2FB-6CAB7C08EA8F}.Debug|ARM.Build.0 = Debug|Any CPU
		{2EBE1B26-0EF1-41CB-A2FB-6CAB7C08EA8F}.Debug|x64.ActiveCfg = Debug|Any CPU
		{2EBE1B26-0EF1-41CB-A2FB-6CAB7C08EA8F}.Debug|x64.Build.0 = Debug|Any CPU
		{2EBE1B26-0EF1-41CB-A2FB-6CAB7C08EA8F}.Debug|x86.ActiveCfg = Debug|Any CPU
		{2EBE1B26-0EF1-41CB-A2FB-6CAB7C08EA8F}.Debug|x86.Build.0 = Debug|Any CPU
		{2EBE1B26-0EF1-41CB-A2FB-6CAB7C08EA8F}.Release|Any CPU.ActiveCfg = Release|Any CPU
		{2EBE1B26-0EF1-41CB-A2FB-6CAB7C08EA8F}.Release|Any CPU.Build.0 = Release|Any CPU
		{2EBE1B26-0EF1-41CB-A2FB-6CAB7C08EA8F}.Release|ARM.ActiveCfg = Release|Any CPU
		{2EBE1B26-0EF1-41CB-A2FB-6CAB7C08EA8F}.Release|ARM.Build.0 = Release|Any CPU
		{2EBE1B26-0EF1-41CB-A2FB-6CAB7C08EA8F}.Release|x64.ActiveCfg = Release|Any CPU
		{2EBE1B26-0EF1-41CB-A2FB-6CAB7C08EA8F}.Release|x64.Build.0 = Release|Any CPU
		{2EBE1B26-0EF1-41CB-A2FB-6CAB7C08EA8F}.Release|x86.ActiveCfg = Release|Any CPU
		{2EBE1B26-0EF1-41CB-A2FB-6CAB7C08EA8F}.Release|x86.Build.0 = Release|Any CPU
		{27E6B0D9-39A5-4AC5-A137-BB126E42CC41}.Debug|Any CPU.ActiveCfg = Debug|x86
		{27E6B0D9-39A5-4AC5-A137-BB126E42CC41}.Debug|Any CPU.Build.0 = Debug|x86
		{27E6B0D9-39A5-4AC5-A137-BB126E42CC41}.Debug|ARM.ActiveCfg = Debug|ARM
		{27E6B0D9-39A5-4AC5-A137-BB126E42CC41}.Debug|ARM.Build.0 = Debug|ARM
		{27E6B0D9-39A5-4AC5-A137-BB126E42CC41}.Debug|x64.ActiveCfg = Debug|x64
		{27E6B0D9-39A5-4AC5-A137-BB126E42CC41}.Debug|x64.Build.0 = Debug|x64
		{27E6B0D9-39A5-4AC5-A137-BB126E42CC41}.Debug|x86.ActiveCfg = Debug|x86
		{27E6B0D9-39A5-4AC5-A137-BB126E42CC41}.Debug|x86.Build.0 = Debug|x86
		{27E6B0D9-39A5-4AC5-A137-BB126E42CC41}.Release|Any CPU.ActiveCfg = Release|Any CPU
		{27E6B0D9-39A5-4AC5-A137-BB126E42CC41}.Release|Any CPU.Build.0 = Release|Any CPU
		{27E6B0D9-39A5-4AC5-A137-BB126E42CC41}.Release|ARM.ActiveCfg = Release|ARM
		{27E6B0D9-39A5-4AC5-A137-BB126E42CC41}.Release|ARM.Build.0 = Release|ARM
		{27E6B0D9-39A5-4AC5-A137-BB126E42CC41}.Release|x64.ActiveCfg = Release|x64
		{27E6B0D9-39A5-4AC5-A137-BB126E42CC41}.Release|x64.Build.0 = Release|x64
		{27E6B0D9-39A5-4AC5-A137-BB126E42CC41}.Release|x86.ActiveCfg = Release|x86
		{27E6B0D9-39A5-4AC5-A137-BB126E42CC41}.Release|x86.Build.0 = Release|x86
		{8B192FE7-1E7C-4C4F-9E07-DDA8375B0F7B}.Debug|Any CPU.ActiveCfg = Debug|Any CPU
		{8B192FE7-1E7C-4C4F-9E07-DDA8375B0F7B}.Debug|Any CPU.Build.0 = Debug|Any CPU
		{8B192FE7-1E7C-4C4F-9E07-DDA8375B0F7B}.Debug|Any CPU.Deploy.0 = Debug|Any CPU
		{8B192FE7-1E7C-4C4F-9E07-DDA8375B0F7B}.Debug|ARM.ActiveCfg = Debug|ARM
		{8B192FE7-1E7C-4C4F-9E07-DDA8375B0F7B}.Debug|ARM.Build.0 = Debug|ARM
		{8B192FE7-1E7C-4C4F-9E07-DDA8375B0F7B}.Debug|ARM.Deploy.0 = Debug|ARM
		{8B192FE7-1E7C-4C4F-9E07-DDA8375B0F7B}.Debug|x64.ActiveCfg = Debug|x64
		{8B192FE7-1E7C-4C4F-9E07-DDA8375B0F7B}.Debug|x64.Build.0 = Debug|x64
		{8B192FE7-1E7C-4C4F-9E07-DDA8375B0F7B}.Debug|x64.Deploy.0 = Debug|x64
		{8B192FE7-1E7C-4C4F-9E07-DDA8375B0F7B}.Debug|x86.ActiveCfg = Debug|x86
		{8B192FE7-1E7C-4C4F-9E07-DDA8375B0F7B}.Debug|x86.Build.0 = Debug|x86
		{8B192FE7-1E7C-4C4F-9E07-DDA8375B0F7B}.Debug|x86.Deploy.0 = Debug|x86
		{8B192FE7-1E7C-4C4F-9E07-DDA8375B0F7B}.Release|Any CPU.ActiveCfg = Release|Any CPU
		{8B192FE7-1E7C-4C4F-9E07-DDA8375B0F7B}.Release|Any CPU.Build.0 = Release|Any CPU
		{8B192FE7-1E7C-4C4F-9E07-DDA8375B0F7B}.Release|Any CPU.Deploy.0 = Release|Any CPU
		{8B192FE7-1E7C-4C4F-9E07-DDA8375B0F7B}.Release|ARM.ActiveCfg = Release|ARM
		{8B192FE7-1E7C-4C4F-9E07-DDA8375B0F7B}.Release|ARM.Build.0 = Release|ARM
		{8B192FE7-1E7C-4C4F-9E07-DDA8375B0F7B}.Release|ARM.Deploy.0 = Release|ARM
		{8B192FE7-1E7C-4C4F-9E07-DDA8375B0F7B}.Release|x64.ActiveCfg = Release|x64
		{8B192FE7-1E7C-4C4F-9E07-DDA8375B0F7B}.Release|x64.Build.0 = Release|x64
		{8B192FE7-1E7C-4C4F-9E07-DDA8375B0F7B}.Release|x64.Deploy.0 = Release|x64
		{8B192FE7-1E7C-4C4F-9E07-DDA8375B0F7B}.Release|x86.ActiveCfg = Release|x86
		{8B192FE7-1E7C-4C4F-9E07-DDA8375B0F7B}.Release|x86.Build.0 = Release|x86
		{8B192FE7-1E7C-4C4F-9E07-DDA8375B0F7B}.Release|x86.Deploy.0 = Release|x86
		{9EFBB7F4-8D96-4A87-940F-AE15C764F82F}.Debug|Any CPU.ActiveCfg = Debug|Any CPU
		{9EFBB7F4-8D96-4A87-940F-AE15C764F82F}.Debug|Any CPU.Build.0 = Debug|Any CPU
		{9EFBB7F4-8D96-4A87-940F-AE15C764F82F}.Debug|Any CPU.Deploy.0 = Debug|Any CPU
		{9EFBB7F4-8D96-4A87-940F-AE15C764F82F}.Debug|ARM.ActiveCfg = Debug|ARM
		{9EFBB7F4-8D96-4A87-940F-AE15C764F82F}.Debug|ARM.Build.0 = Debug|ARM
		{9EFBB7F4-8D96-4A87-940F-AE15C764F82F}.Debug|ARM.Deploy.0 = Debug|ARM
		{9EFBB7F4-8D96-4A87-940F-AE15C764F82F}.Debug|x64.ActiveCfg = Debug|x64
		{9EFBB7F4-8D96-4A87-940F-AE15C764F82F}.Debug|x64.Build.0 = Debug|x64
		{9EFBB7F4-8D96-4A87-940F-AE15C764F82F}.Debug|x64.Deploy.0 = Debug|x64
		{9EFBB7F4-8D96-4A87-940F-AE15C764F82F}.Debug|x86.ActiveCfg = Debug|x86
		{9EFBB7F4-8D96-4A87-940F-AE15C764F82F}.Debug|x86.Build.0 = Debug|x86
		{9EFBB7F4-8D96-4A87-940F-AE15C764F82F}.Debug|x86.Deploy.0 = Debug|x86
		{9EFBB7F4-8D96-4A87-940F-AE15C764F82F}.Release|Any CPU.ActiveCfg = Release|Any CPU
		{9EFBB7F4-8D96-4A87-940F-AE15C764F82F}.Release|Any CPU.Build.0 = Release|Any CPU
		{9EFBB7F4-8D96-4A87-940F-AE15C764F82F}.Release|Any CPU.Deploy.0 = Release|Any CPU
		{9EFBB7F4-8D96-4A87-940F-AE15C764F82F}.Release|ARM.ActiveCfg = Release|ARM
		{9EFBB7F4-8D96-4A87-940F-AE15C764F82F}.Release|ARM.Build.0 = Release|ARM
		{9EFBB7F4-8D96-4A87-940F-AE15C764F82F}.Release|ARM.Deploy.0 = Release|ARM
		{9EFBB7F4-8D96-4A87-940F-AE15C764F82F}.Release|x64.ActiveCfg = Release|x64
		{9EFBB7F4-8D96-4A87-940F-AE15C764F82F}.Release|x64.Build.0 = Release|x64
		{9EFBB7F4-8D96-4A87-940F-AE15C764F82F}.Release|x64.Deploy.0 = Release|x64
		{9EFBB7F4-8D96-4A87-940F-AE15C764F82F}.Release|x86.ActiveCfg = Release|x86
		{9EFBB7F4-8D96-4A87-940F-AE15C764F82F}.Release|x86.Build.0 = Release|x86
		{9EFBB7F4-8D96-4A87-940F-AE15C764F82F}.Release|x86.Deploy.0 = Release|x86
	EndGlobalSection
	GlobalSection(SolutionProperties) = preSolution
		HideSolutionNode = FALSE
	EndGlobalSection
EndGlobal
