
Microsoft Visual Studio Solution File, Format Version 12.00
# Visual Studio 15
VisualStudioVersion = 15.0.27428.2011
MinimumVisualStudioVersion = 10.0.40219.1
Project("{FAE04EC0-301F-11D3-BF4B-00C04F79EFBC}") = "UWP", "UWP\UWP.csproj", "{68E3E0F8-DF4C-4A7C-A8D2-F1000E2219D1}"
	ProjectSection(ProjectDependencies) = postProject
		{CC907CB5-2F85-4C6E-937F-64BA9E1B9202} = {CC907CB5-2F85-4C6E-937F-64BA9E1B9202}
	EndProjectSection
EndProject
Project("{FAE04EC0-301F-11D3-BF4B-00C04F79EFBC}") = "BackgroundProcess", "BackgroundProcess\BackgroundProcess.csproj", "{CC907CB5-2F85-4C6E-937F-64BA9E1B9202}"
EndProject
Global
	GlobalSection(SolutionConfigurationPlatforms) = preSolution
		Debug|Any CPU = Debug|Any CPU
		Debug|ARM = Debug|ARM
		Debug|x64 = Debug|x64
		Debug|x86 = Debug|x86
		Release|Any CPU = Release|Any CPU
		Release|ARM = Release|ARM
		Release|x64 = Release|x64
		Release|x86 = Release|x86
	EndGlobalSection
	GlobalSection(ProjectConfigurationPlatforms) = postSolution
		{68E3E0F8-DF4C-4A7C-A8D2-F1000E2219D1}.Debug|Any CPU.ActiveCfg = Debug|x86
		{68E3E0F8-DF4C-4A7C-A8D2-F1000E2219D1}.Debug|ARM.ActiveCfg = Debug|ARM
		{68E3E0F8-DF4C-4A7C-A8D2-F1000E2219D1}.Debug|ARM.Build.0 = Debug|ARM
		{68E3E0F8-DF4C-4A7C-A8D2-F1000E2219D1}.Debug|ARM.Deploy.0 = Debug|ARM
		{68E3E0F8-DF4C-4A7C-A8D2-F1000E2219D1}.Debug|x64.ActiveCfg = Debug|x64
		{68E3E0F8-DF4C-4A7C-A8D2-F1000E2219D1}.Debug|x64.Build.0 = Debug|x64
		{68E3E0F8-DF4C-4A7C-A8D2-F1000E2219D1}.Debug|x64.Deploy.0 = Debug|x64
		{68E3E0F8-DF4C-4A7C-A8D2-F1000E2219D1}.Debug|x86.ActiveCfg = Debug|x86
		{68E3E0F8-DF4C-4A7C-A8D2-F1000E2219D1}.Debug|x86.Build.0 = Debug|x86
		{68E3E0F8-DF4C-4A7C-A8D2-F1000E2219D1}.Debug|x86.Deploy.0 = Debug|x86
		{68E3E0F8-DF4C-4A7C-A8D2-F1000E2219D1}.Release|Any CPU.ActiveCfg = Release|x86
		{68E3E0F8-DF4C-4A7C-A8D2-F1000E2219D1}.Release|ARM.ActiveCfg = Release|ARM
		{68E3E0F8-DF4C-4A7C-A8D2-F1000E2219D1}.Release|ARM.Build.0 = Release|ARM
		{68E3E0F8-DF4C-4A7C-A8D2-F1000E2219D1}.Release|ARM.Deploy.0 = Release|ARM
		{68E3E0F8-DF4C-4A7C-A8D2-F1000E2219D1}.Release|x64.ActiveCfg = Release|x64
		{68E3E0F8-DF4C-4A7C-A8D2-F1000E2219D1}.Release|x64.Build.0 = Release|x64
		{68E3E0F8-DF4C-4A7C-A8D2-F1000E2219D1}.Release|x64.Deploy.0 = Release|x64
		{68E3E0F8-DF4C-4A7C-A8D2-F1000E2219D1}.Release|x86.ActiveCfg = Release|x86
		{68E3E0F8-DF4C-4A7C-A8D2-F1000E2219D1}.Release|x86.Build.0 = Release|x86
		{68E3E0F8-DF4C-4A7C-A8D2-F1000E2219D1}.Release|x86.Deploy.0 = Release|x86
		{CC907CB5-2F85-4C6E-937F-64BA9E1B9202}.Debug|Any CPU.ActiveCfg = Debug|Any CPU
		{CC907CB5-2F85-4C6E-937F-64BA9E1B9202}.Debug|Any CPU.Build.0 = Debug|Any CPU
		{CC907CB5-2F85-4C6E-937F-64BA9E1B9202}.Debug|ARM.ActiveCfg = Debug|Any CPU
		{CC907CB5-2F85-4C6E-937F-64BA9E1B9202}.Debug|ARM.Build.0 = Debug|Any CPU
		{CC907CB5-2F85-4C6E-937F-64BA9E1B9202}.Debug|x64.ActiveCfg = Debug|x64
		{CC907CB5-2F85-4C6E-937F-64BA9E1B9202}.Debug|x64.Build.0 = Debug|x64
		{CC907CB5-2F85-4C6E-937F-64BA9E1B9202}.Debug|x86.ActiveCfg = Debug|Any CPU
		{CC907CB5-2F85-4C6E-937F-64BA9E1B9202}.Debug|x86.Build.0 = Debug|Any CPU
		{CC907CB5-2F85-4C6E-937F-64BA9E1B9202}.Release|Any CPU.ActiveCfg = Release|Any CPU
		{CC907CB5-2F85-4C6E-937F-64BA9E1B9202}.Release|Any CPU.Build.0 = Release|Any CPU
		{CC907CB5-2F85-4C6E-937F-64BA9E1B9202}.Release|ARM.ActiveCfg = Release|Any CPU
		{CC907CB5-2F85-4C6E-937F-64BA9E1B9202}.Release|ARM.Build.0 = Release|Any CPU
		{CC907CB5-2F85-4C6E-937F-64BA9E1B9202}.Release|x64.ActiveCfg = Release|Any CPU
		{CC907CB5-2F85-4C6E-937F-64BA9E1B9202}.Release|x64.Build.0 = Release|Any CPU
		{CC907CB5-2F85-4C6E-937F-64BA9E1B9202}.Release|x86.ActiveCfg = Release|Any CPU
		{CC907CB5-2F85-4C6E-937F-64BA9E1B9202}.Release|x86.Build.0 = Release|Any CPU
	EndGlobalSection
	GlobalSection(SolutionProperties) = preSolution
		HideSolutionNode = FALSE
	EndGlobalSection
	GlobalSection(ExtensibilityGlobals) = postSolution
		SolutionGuid = {7D8083D4-3B85-469E-AEBD-49E1214A17D0}
	EndGlobalSection
EndGlobal
