
Microsoft Visual Studio Solution File, Format Version 12.00
# Visual Studio 15
VisualStudioVersion = 15.0.26020.0
MinimumVisualStudioVersion = 10.0.40219.1
Project("{2150E333-8FDC-42A3-9474-1A3956D46DE8}") = "VB6 Source Project", "VB6 Source Project", "{4BE9CD78-1919-4BA8-8088-EFEEF5A3F5B8}"
	ProjectSection(SolutionItems) = preProject
		VB6 Source Project\Landmarks.frm = VB6 Source Project\Landmarks.frm
		VB6 Source Project\Landmarks.vbp = VB6 Source Project\Landmarks.vbp
		VB6 Source Project\ReadMe.txt = VB6 Source Project\ReadMe.txt
	EndProjectSection
EndProject
Project("{8BC9CEB8-8B4A-11D0-8D11-00A0C91BC942}") = "Xaml.MapUI", "Xaml.MapUI\Xaml.MapUI.vcxproj", "{6C4D11E2-A897-4140-8033-BA19B9B24CA7}"
	ProjectSection(ProjectDependencies) = postProject
		{3B2A0278-A1C4-4CC2-86A3-9DEF8067EDED} = {3B2A0278-A1C4-4CC2-86A3-9DEF8067EDED}
	EndProjectSection
EndProject
Project("{8BC9CEB8-8B4A-11D0-8D11-00A0C91BC942}") = "UWPWrappers", "UWPWrappers\UWPWrappers.vcxproj", "{3B2A0278-A1C4-4CC2-86A3-9DEF8067EDED}"
EndProject
Global
	GlobalSection(SolutionConfigurationPlatforms) = preSolution
		Debug|Any CPU = Debug|Any CPU
		Debug|ARM = Debug|ARM
		Debug|x64 = Debug|x64
		Debug|x86 = Debug|x86
		Release|Any CPU = Release|Any CPU
		Release|ARM = Release|ARM
		Release|x64 = Release|x64
		Release|x86 = Release|x86
	EndGlobalSection
	GlobalSection(ProjectConfigurationPlatforms) = postSolution
		{6C4D11E2-A897-4140-8033-BA19B9B24CA7}.Debug|Any CPU.ActiveCfg = Debug|Win32
		{6C4D11E2-A897-4140-8033-BA19B9B24CA7}.Debug|ARM.ActiveCfg = Debug|ARM
		{6C4D11E2-A897-4140-8033-BA19B9B24CA7}.Debug|x64.ActiveCfg = Debug|x64
		{6C4D11E2-A897-4140-8033-BA19B9B24CA7}.Debug|x86.ActiveCfg = Debug|Win32
		{6C4D11E2-A897-4140-8033-BA19B9B24CA7}.Debug|x86.Build.0 = Debug|Win32
		{6C4D11E2-A897-4140-8033-BA19B9B24CA7}.Debug|x86.Deploy.0 = Debug|Win32
		{6C4D11E2-A897-4140-8033-BA19B9B24CA7}.Release|Any CPU.ActiveCfg = Release|Win32
		{6C4D11E2-A897-4140-8033-BA19B9B24CA7}.Release|ARM.ActiveCfg = Release|ARM
		{6C4D11E2-A897-4140-8033-BA19B9B24CA7}.Release|x64.ActiveCfg = Release|x64
		{6C4D11E2-A897-4140-8033-BA19B9B24CA7}.Release|x86.ActiveCfg = Release|Win32
		{6C4D11E2-A897-4140-8033-BA19B9B24CA7}.Release|x86.Build.0 = Release|Win32
		{6C4D11E2-A897-4140-8033-BA19B9B24CA7}.Release|x86.Deploy.0 = Release|Win32
		{3B2A0278-A1C4-4CC2-86A3-9DEF8067EDED}.Debug|Any CPU.ActiveCfg = Debug|Win32
		{3B2A0278-A1C4-4CC2-86A3-9DEF8067EDED}.Debug|ARM.ActiveCfg = Debug|Win32
		{3B2A0278-A1C4-4CC2-86A3-9DEF8067EDED}.Debug|x64.ActiveCfg = Debug|x64
		{3B2A0278-A1C4-4CC2-86A3-9DEF8067EDED}.Debug|x86.ActiveCfg = Debug|Win32
		{3B2A0278-A1C4-4CC2-86A3-9DEF8067EDED}.Debug|x86.Build.0 = Debug|Win32
		{3B2A0278-A1C4-4CC2-86A3-9DEF8067EDED}.Release|Any CPU.ActiveCfg = Release|Win32
		{3B2A0278-A1C4-4CC2-86A3-9DEF8067EDED}.Release|ARM.ActiveCfg = Release|Win32
		{3B2A0278-A1C4-4CC2-86A3-9DEF8067EDED}.Release|x64.ActiveCfg = Release|x64
		{3B2A0278-A1C4-4CC2-86A3-9DEF8067EDED}.Release|x86.ActiveCfg = Release|Win32
		{3B2A0278-A1C4-4CC2-86A3-9DEF8067EDED}.Release|x86.Build.0 = Release|Win32
	EndGlobalSection
	GlobalSection(SolutionProperties) = preSolution
		HideSolutionNode = FALSE
	EndGlobalSection
EndGlobal
