
Microsoft Visual Studio Solution File, Format Version 12.00
# Visual Studio 14
VisualStudioVersion = 14.0.25123.0
MinimumVisualStudioVersion = 10.0.40219.1
Project("{FAE04EC0-301F-11D3-BF4B-00C04F79EFBC}") = "UwaClient", "UwaClient\UwaClient.csproj", "{F3F0E5B6-FA24-413B-9F78-27AD21B607F0}"
	ProjectSection(ProjectDependencies) = postProject
		{C902760C-C0D0-4E31-9BD6-EE6406257366} = {C902760C-C0D0-4E31-9BD6-EE6406257366}
	EndProjectSection
EndProject
Project("{FAE04EC0-301F-11D3-BF4B-00C04F79EFBC}") = "DesktopServer", "DesktopServer\DesktopServer.csproj", "{C902760C-C0D0-4E31-9BD6-EE6406257366}"
EndProject
Global
	GlobalSection(SolutionConfigurationPlatforms) = preSolution
		Debug|Any CPU = Debug|Any CPU
		Debug|ARM = Debug|ARM
		Debug|x64 = Debug|x64
		Debug|x86 = Debug|x86
		Release|Any CPU = Release|Any CPU
		Release|ARM = Release|ARM
		Release|x64 = Release|x64
		Release|x86 = Release|x86
	EndGlobalSection
	GlobalSection(ProjectConfigurationPlatforms) = postSolution
		{F3F0E5B6-FA24-413B-9F78-27AD21B607F0}.Debug|Any CPU.ActiveCfg = Debug|x86
		{F3F0E5B6-FA24-413B-9F78-27AD21B607F0}.Debug|ARM.ActiveCfg = Debug|ARM
		{F3F0E5B6-FA24-413B-9F78-27AD21B607F0}.Debug|ARM.Build.0 = Debug|ARM
		{F3F0E5B6-FA24-413B-9F78-27AD21B607F0}.Debug|ARM.Deploy.0 = Debug|ARM
		{F3F0E5B6-FA24-413B-9F78-27AD21B607F0}.Debug|x64.ActiveCfg = Debug|x64
		{F3F0E5B6-FA24-413B-9F78-27AD21B607F0}.Debug|x64.Build.0 = Debug|x64
		{F3F0E5B6-FA24-413B-9F78-27AD21B607F0}.Debug|x64.Deploy.0 = Debug|x64
		{F3F0E5B6-FA24-413B-9F78-27AD21B607F0}.Debug|x86.ActiveCfg = Debug|x86
		{F3F0E5B6-FA24-413B-9F78-27AD21B607F0}.Debug|x86.Build.0 = Debug|x86
		{F3F0E5B6-FA24-413B-9F78-27AD21B607F0}.Debug|x86.Deploy.0 = Debug|x86
		{F3F0E5B6-FA24-413B-9F78-27AD21B607F0}.Release|Any CPU.ActiveCfg = Release|x86
		{F3F0E5B6-FA24-413B-9F78-27AD21B607F0}.Release|ARM.ActiveCfg = Release|ARM
		{F3F0E5B6-FA24-413B-9F78-27AD21B607F0}.Release|ARM.Build.0 = Release|ARM
		{F3F0E5B6-FA24-413B-9F78-27AD21B607F0}.Release|ARM.Deploy.0 = Release|ARM
		{F3F0E5B6-FA24-413B-9F78-27AD21B607F0}.Release|x64.ActiveCfg = Release|x64
		{F3F0E5B6-FA24-413B-9F78-27AD21B607F0}.Release|x64.Build.0 = Release|x64
		{F3F0E5B6-FA24-413B-9F78-27AD21B607F0}.Release|x64.Deploy.0 = Release|x64
		{F3F0E5B6-FA24-413B-9F78-27AD21B607F0}.Release|x86.ActiveCfg = Release|x86
		{F3F0E5B6-FA24-413B-9F78-27AD21B607F0}.Release|x86.Build.0 = Release|x86
		{F3F0E5B6-FA24-413B-9F78-27AD21B607F0}.Release|x86.Deploy.0 = Release|x86
		{C902760C-C0D0-4E31-9BD6-EE6406257366}.Debug|Any CPU.ActiveCfg = Debug|Any CPU
		{C902760C-C0D0-4E31-9BD6-EE6406257366}.Debug|Any CPU.Build.0 = Debug|Any CPU
		{C902760C-C0D0-4E31-9BD6-EE6406257366}.Debug|ARM.ActiveCfg = Debug|Any CPU
		{C902760C-C0D0-4E31-9BD6-EE6406257366}.Debug|ARM.Build.0 = Debug|Any CPU
		{C902760C-C0D0-4E31-9BD6-EE6406257366}.Debug|x64.ActiveCfg = Debug|Any CPU
		{C902760C-C0D0-4E31-9BD6-EE6406257366}.Debug|x64.Build.0 = Debug|Any CPU
		{C902760C-C0D0-4E31-9BD6-EE6406257366}.Debug|x86.ActiveCfg = Debug|Any CPU
		{C902760C-C0D0-4E31-9BD6-EE6406257366}.Debug|x86.Build.0 = Debug|Any CPU
		{C902760C-C0D0-4E31-9BD6-EE6406257366}.Release|Any CPU.ActiveCfg = Release|Any CPU
		{C902760C-C0D0-4E31-9BD6-EE6406257366}.Release|Any CPU.Build.0 = Release|Any CPU
		{C902760C-C0D0-4E31-9BD6-EE6406257366}.Release|ARM.ActiveCfg = Release|Any CPU
		{C902760C-C0D0-4E31-9BD6-EE6406257366}.Release|ARM.Build.0 = Release|Any CPU
		{C902760C-C0D0-4E31-9BD6-EE6406257366}.Release|x64.ActiveCfg = Release|Any CPU
		{C902760C-C0D0-4E31-9BD6-EE6406257366}.Release|x64.Build.0 = Release|Any CPU
		{C902760C-C0D0-4E31-9BD6-EE6406257366}.Release|x86.ActiveCfg = Release|Any CPU
		{C902760C-C0D0-4E31-9BD6-EE6406257366}.Release|x86.Build.0 = Release|Any CPU
	EndGlobalSection
	GlobalSection(SolutionProperties) = preSolution
		HideSolutionNode = FALSE
	EndGlobalSection
EndGlobal
