
Microsoft Visual Studio Solution File, Format Version 12.00
# Visual Studio 15
VisualStudioVersion = 15.0.25302.0
MinimumVisualStudioVersion = 10.0.40219.1
Project("{FAE04EC0-301F-11D3-BF4B-00C04F79EFBC}") = "BackgroundTasks", "BackgroundTasks\BackgroundTasks.csproj", "{5532D7A9-4C48-4B5F-BFB4-BF29818B0B65}"
EndProject
Project("{FAE04EC0-301F-11D3-BF4B-00C04F79EFBC}") = "MyUWPApp", "MyUWPApp\MyUWPApp.csproj", "{BA73AC0C-648F-4D89-866A-81C6E2E10171}"
	ProjectSection(ProjectDependencies) = postProject
		{5532D7A9-4C48-4B5F-BFB4-BF29818B0B65} = {5532D7A9-4C48-4B5F-BFB4-BF29818B0B65}
		{E28EF8F6-B4AF-4139-BB3C-0A8C84F55099} = {E28EF8F6-B4AF-4139-BB3C-0A8C84F55099}
	EndProjectSection
EndProject
Project("{FAE04EC0-301F-11D3-BF4B-00C04F79EFBC}") = "MyDesktopApp", "MyDesktopApp\MyDesktopApp.csproj", "{E28EF8F6-B4AF-4139-BB3C-0A8C84F55099}"
EndProject
Global
	GlobalSection(SolutionConfigurationPlatforms) = preSolution
		Debug|Any CPU = Debug|Any CPU
		Debug|ARM = Debug|ARM
		Debug|x64 = Debug|x64
		Debug|x86 = Debug|x86
		Release|Any CPU = Release|Any CPU
		Release|ARM = Release|ARM
		Release|x64 = Release|x64
		Release|x86 = Release|x86
	EndGlobalSection
	GlobalSection(ProjectConfigurationPlatforms) = postSolution
		{5532D7A9-4C48-4B5F-BFB4-BF29818B0B65}.Debug|Any CPU.ActiveCfg = Debug|Any CPU
		{5532D7A9-4C48-4B5F-BFB4-BF29818B0B65}.Debug|Any CPU.Build.0 = Debug|Any CPU
		{5532D7A9-4C48-4B5F-BFB4-BF29818B0B65}.Debug|ARM.ActiveCfg = Debug|ARM
		{5532D7A9-4C48-4B5F-BFB4-BF29818B0B65}.Debug|ARM.Build.0 = Debug|ARM
		{5532D7A9-4C48-4B5F-BFB4-BF29818B0B65}.Debug|x64.ActiveCfg = Debug|x64
		{5532D7A9-4C48-4B5F-BFB4-BF29818B0B65}.Debug|x64.Build.0 = Debug|x64
		{5532D7A9-4C48-4B5F-BFB4-BF29818B0B65}.Debug|x86.ActiveCfg = Debug|x86
		{5532D7A9-4C48-4B5F-BFB4-BF29818B0B65}.Debug|x86.Build.0 = Debug|x86
		{5532D7A9-4C48-4B5F-BFB4-BF29818B0B65}.Release|Any CPU.ActiveCfg = Release|Any CPU
		{5532D7A9-4C48-4B5F-BFB4-BF29818B0B65}.Release|Any CPU.Build.0 = Release|Any CPU
		{5532D7A9-4C48-4B5F-BFB4-BF29818B0B65}.Release|ARM.ActiveCfg = Release|ARM
		{5532D7A9-4C48-4B5F-BFB4-BF29818B0B65}.Release|ARM.Build.0 = Release|ARM
		{5532D7A9-4C48-4B5F-BFB4-BF29818B0B65}.Release|x64.ActiveCfg = Release|x64
		{5532D7A9-4C48-4B5F-BFB4-BF29818B0B65}.Release|x64.Build.0 = Release|x64
		{5532D7A9-4C48-4B5F-BFB4-BF29818B0B65}.Release|x86.ActiveCfg = Release|x86
		{5532D7A9-4C48-4B5F-BFB4-BF29818B0B65}.Release|x86.Build.0 = Release|x86
		{BA73AC0C-648F-4D89-866A-81C6E2E10171}.Debug|Any CPU.ActiveCfg = Debug|x86
		{BA73AC0C-648F-4D89-866A-81C6E2E10171}.Debug|ARM.ActiveCfg = Debug|ARM
		{BA73AC0C-648F-4D89-866A-81C6E2E10171}.Debug|ARM.Build.0 = Debug|ARM
		{BA73AC0C-648F-4D89-866A-81C6E2E10171}.Debug|ARM.Deploy.0 = Debug|ARM
		{BA73AC0C-648F-4D89-866A-81C6E2E10171}.Debug|x64.ActiveCfg = Debug|x64
		{BA73AC0C-648F-4D89-866A-81C6E2E10171}.Debug|x64.Build.0 = Debug|x64
		{BA73AC0C-648F-4D89-866A-81C6E2E10171}.Debug|x64.Deploy.0 = Debug|x64
		{BA73AC0C-648F-4D89-866A-81C6E2E10171}.Debug|x86.ActiveCfg = Debug|x86
		{BA73AC0C-648F-4D89-866A-81C6E2E10171}.Debug|x86.Build.0 = Debug|x86
		{BA73AC0C-648F-4D89-866A-81C6E2E10171}.Debug|x86.Deploy.0 = Debug|x86
		{BA73AC0C-648F-4D89-866A-81C6E2E10171}.Release|Any CPU.ActiveCfg = Release|x86
		{BA73AC0C-648F-4D89-866A-81C6E2E10171}.Release|ARM.ActiveCfg = Release|ARM
		{BA73AC0C-648F-4D89-866A-81C6E2E10171}.Release|ARM.Build.0 = Release|ARM
		{BA73AC0C-648F-4D89-866A-81C6E2E10171}.Release|ARM.Deploy.0 = Release|ARM
		{BA73AC0C-648F-4D89-866A-81C6E2E10171}.Release|x64.ActiveCfg = Release|x64
		{BA73AC0C-648F-4D89-866A-81C6E2E10171}.Release|x64.Build.0 = Release|x64
		{BA73AC0C-648F-4D89-866A-81C6E2E10171}.Release|x64.Deploy.0 = Release|x64
		{BA73AC0C-648F-4D89-866A-81C6E2E10171}.Release|x86.ActiveCfg = Release|x86
		{BA73AC0C-648F-4D89-866A-81C6E2E10171}.Release|x86.Build.0 = Release|x86
		{BA73AC0C-648F-4D89-866A-81C6E2E10171}.Release|x86.Deploy.0 = Release|x86
		{E28EF8F6-B4AF-4139-BB3C-0A8C84F55099}.Debug|Any CPU.ActiveCfg = Debug|Any CPU
		{E28EF8F6-B4AF-4139-BB3C-0A8C84F55099}.Debug|Any CPU.Build.0 = Debug|Any CPU
		{E28EF8F6-B4AF-4139-BB3C-0A8C84F55099}.Debug|ARM.ActiveCfg = Debug|Any CPU
		{E28EF8F6-B4AF-4139-BB3C-0A8C84F55099}.Debug|ARM.Build.0 = Debug|Any CPU
		{E28EF8F6-B4AF-4139-BB3C-0A8C84F55099}.Debug|x64.ActiveCfg = Debug|Any CPU
		{E28EF8F6-B4AF-4139-BB3C-0A8C84F55099}.Debug|x64.Build.0 = Debug|Any CPU
		{E28EF8F6-B4AF-4139-BB3C-0A8C84F55099}.Debug|x86.ActiveCfg = Debug|Any CPU
		{E28EF8F6-B4AF-4139-BB3C-0A8C84F55099}.Debug|x86.Build.0 = Debug|Any CPU
		{E28EF8F6-B4AF-4139-BB3C-0A8C84F55099}.Release|Any CPU.ActiveCfg = Release|Any CPU
		{E28EF8F6-B4AF-4139-BB3C-0A8C84F55099}.Release|Any CPU.Build.0 = Release|Any CPU
		{E28EF8F6-B4AF-4139-BB3C-0A8C84F55099}.Release|ARM.ActiveCfg = Release|Any CPU
		{E28EF8F6-B4AF-4139-BB3C-0A8C84F55099}.Release|ARM.Build.0 = Release|Any CPU
		{E28EF8F6-B4AF-4139-BB3C-0A8C84F55099}.Release|x64.ActiveCfg = Release|Any CPU
		{E28EF8F6-B4AF-4139-BB3C-0A8C84F55099}.Release|x64.Build.0 = Release|Any CPU
		{E28EF8F6-B4AF-4139-BB3C-0A8C84F55099}.Release|x86.ActiveCfg = Release|Any CPU
		{E28EF8F6-B4AF-4139-BB3C-0A8C84F55099}.Release|x86.Build.0 = Release|Any CPU
	EndGlobalSection
	GlobalSection(SolutionProperties) = preSolution
		HideSolutionNode = FALSE
	EndGlobalSection
EndGlobal
