
Microsoft Visual Studio Solution File, Format Version 12.00
# Visual Studio 15
VisualStudioVersion = 15.0.25802.0
MinimumVisualStudioVersion = 10.0.40219.1
Project("{FAE04EC0-301F-11D3-BF4B-00C04F79EFBC}") = "InAppPurchases", "InAppPurchases\InAppPurchases.csproj", "{8882C718-0384-40DE-A074-AF2760914AD7}"
EndProject
Project("{365BE41E-7993-430D-A5E6-1381A54BC077}") = "Packaging", "Packaging\Packaging.vsdproj", "{C53BBC4D-DAF6-4DE6-96C6-25D702CA558F}"
EndProject
Global
	GlobalSection(SolutionConfigurationPlatforms) = preSolution
		Debug|Any CPU = Debug|Any CPU
		Debug|ARM = Debug|ARM
		Debug|x64 = Debug|x64
		Debug|x86 = Debug|x86
		Release|Any CPU = Release|Any CPU
		Release|ARM = Release|ARM
		Release|x64 = Release|x64
		Release|x86 = Release|x86
	EndGlobalSection
	GlobalSection(ProjectConfigurationPlatforms) = postSolution
		{8882C718-0384-40DE-A074-AF2760914AD7}.Debug|Any CPU.ActiveCfg = Debug|Any CPU
		{8882C718-0384-40DE-A074-AF2760914AD7}.Debug|Any CPU.Build.0 = Debug|Any CPU
		{8882C718-0384-40DE-A074-AF2760914AD7}.Debug|ARM.ActiveCfg = Debug|Any CPU
		{8882C718-0384-40DE-A074-AF2760914AD7}.Debug|ARM.Build.0 = Debug|Any CPU
		{8882C718-0384-40DE-A074-AF2760914AD7}.Debug|x64.ActiveCfg = Debug|Any CPU
		{8882C718-0384-40DE-A074-AF2760914AD7}.Debug|x64.Build.0 = Debug|Any CPU
		{8882C718-0384-40DE-A074-AF2760914AD7}.Debug|x86.ActiveCfg = Debug|Any CPU
		{8882C718-0384-40DE-A074-AF2760914AD7}.Debug|x86.Build.0 = Debug|Any CPU
		{8882C718-0384-40DE-A074-AF2760914AD7}.Release|Any CPU.ActiveCfg = Release|Any CPU
		{8882C718-0384-40DE-A074-AF2760914AD7}.Release|Any CPU.Build.0 = Release|Any CPU
		{8882C718-0384-40DE-A074-AF2760914AD7}.Release|ARM.ActiveCfg = Release|Any CPU
		{8882C718-0384-40DE-A074-AF2760914AD7}.Release|ARM.Build.0 = Release|Any CPU
		{8882C718-0384-40DE-A074-AF2760914AD7}.Release|x64.ActiveCfg = Release|Any CPU
		{8882C718-0384-40DE-A074-AF2760914AD7}.Release|x64.Build.0 = Release|Any CPU
		{8882C718-0384-40DE-A074-AF2760914AD7}.Release|x86.ActiveCfg = Release|Any CPU
		{8882C718-0384-40DE-A074-AF2760914AD7}.Release|x86.Build.0 = Release|Any CPU
		{C53BBC4D-DAF6-4DE6-96C6-25D702CA558F}.Debug|Any CPU.ActiveCfg = Debug|Any CPU
		{C53BBC4D-DAF6-4DE6-96C6-25D702CA558F}.Debug|Any CPU.Build.0 = Debug|Any CPU
		{C53BBC4D-DAF6-4DE6-96C6-25D702CA558F}.Debug|Any CPU.Deploy.0 = Debug|Any CPU
		{C53BBC4D-DAF6-4DE6-96C6-25D702CA558F}.Debug|ARM.ActiveCfg = Debug|ARM
		{C53BBC4D-DAF6-4DE6-96C6-25D702CA558F}.Debug|ARM.Build.0 = Debug|ARM
		{C53BBC4D-DAF6-4DE6-96C6-25D702CA558F}.Debug|ARM.Deploy.0 = Debug|ARM
		{C53BBC4D-DAF6-4DE6-96C6-25D702CA558F}.Debug|x64.ActiveCfg = Debug|x64
		{C53BBC4D-DAF6-4DE6-96C6-25D702CA558F}.Debug|x64.Build.0 = Debug|x64
		{C53BBC4D-DAF6-4DE6-96C6-25D702CA558F}.Debug|x64.Deploy.0 = Debug|x64
		{C53BBC4D-DAF6-4DE6-96C6-25D702CA558F}.Debug|x86.ActiveCfg = Debug|x86
		{C53BBC4D-DAF6-4DE6-96C6-25D702CA558F}.Debug|x86.Build.0 = Debug|x86
		{C53BBC4D-DAF6-4DE6-96C6-25D702CA558F}.Debug|x86.Deploy.0 = Debug|x86
		{C53BBC4D-DAF6-4DE6-96C6-25D702CA558F}.Release|Any CPU.ActiveCfg = Release|Any CPU
		{C53BBC4D-DAF6-4DE6-96C6-25D702CA558F}.Release|Any CPU.Build.0 = Release|Any CPU
		{C53BBC4D-DAF6-4DE6-96C6-25D702CA558F}.Release|Any CPU.Deploy.0 = Release|Any CPU
		{C53BBC4D-DAF6-4DE6-96C6-25D702CA558F}.Release|ARM.ActiveCfg = Release|ARM
		{C53BBC4D-DAF6-4DE6-96C6-25D702CA558F}.Release|ARM.Build.0 = Release|ARM
		{C53BBC4D-DAF6-4DE6-96C6-25D702CA558F}.Release|ARM.Deploy.0 = Release|ARM
		{C53BBC4D-DAF6-4DE6-96C6-25D702CA558F}.Release|x64.ActiveCfg = Release|x64
		{C53BBC4D-DAF6-4DE6-96C6-25D702CA558F}.Release|x64.Build.0 = Release|x64
		{C53BBC4D-DAF6-4DE6-96C6-25D702CA558F}.Release|x64.Deploy.0 = Release|x64
		{C53BBC4D-DAF6-4DE6-96C6-25D702CA558F}.Release|x86.ActiveCfg = Release|x86
		{C53BBC4D-DAF6-4DE6-96C6-25D702CA558F}.Release|x86.Build.0 = Release|x86
		{C53BBC4D-DAF6-4DE6-96C6-25D702CA558F}.Release|x86.Deploy.0 = Release|x86
	EndGlobalSection
	GlobalSection(SolutionProperties) = preSolution
		HideSolutionNode = FALSE
	EndGlobalSection
EndGlobal
